
Microsoft Visual Studio Solution File, Format Version 12.00
Project("{FAE04EC0-301F-11D3-BF4B-00C04F79EFBC}") = "HttpServer", "HttpServer\HttpServer.csproj", "{59D41E59-AE1A-46E2-B112-DD1653364E71}"
EndProject
Global
	GlobalSection(SolutionConfigurationPlatforms) = preSolution
		Debug|Any CPU = Debug|Any CPU
		Release|Any CPU = Release|Any CPU
	EndGlobalSection
	GlobalSection(ProjectConfigurationPlatforms) = postSolution
		{59D41E59-AE1A-46E2-B112-DD1653364E71}.Debug|Any CPU.ActiveCfg = Debug|Any CPU
		{59D41E59-AE1A-46E2-B112-DD1653364E71}.Debug|Any CPU.Build.0 = Debug|Any CPU
		{59D41E59-AE1A-46E2-B112-DD1653364E71}.Release|Any CPU.ActiveCfg = Release|Any CPU
		{59D41E59-AE1A-46E2-B112-DD1653364E71}.Release|Any CPU.Build.0 = Release|Any CPU
	EndGlobalSection
EndGlobal
